
Microsoft Visual Studio Solution File, Format Version 12.00
# Visual Studio 2013
VisualStudioVersion = 12.0.21005.1
MinimumVisualStudioVersion = 10.0.40219.1
Project("{FAE04EC0-301F-11D3-BF4B-00C04F79EFBC}") = "Logic", "Logic\Logic.csproj", "{EF2500BE-118E-43BF-8009-B0F79D08BC88}"
EndProject
Project("{FAE04EC0-301F-11D3-BF4B-00C04F79EFBC}") = "TestUI", "TestUI\TestUI.csproj", "{6BF1A83E-EAEF-49C0-9697-494C1850F602}"
EndProject
Global
	GlobalSection(SolutionConfigurationPlatforms) = preSolution
		Debug|Any CPU = Debug|Any CPU
		Release|Any CPU = Release|Any CPU
	EndGlobalSection
	GlobalSection(ProjectConfigurationPlatforms) = postSolution
		{EF2500BE-118E-43BF-8009-B0F79D08BC88}.Debug|Any CPU.ActiveCfg = Debug|Any CPU
		{EF2500BE-118E-43BF-8009-B0F79D08BC88}.Debug|Any CPU.Build.0 = Debug|Any CPU
		{EF2500BE-118E-43BF-8009-B0F79D08BC88}.Release|Any CPU.ActiveCfg = Release|Any CPU
		{EF2500BE-118E-43BF-8009-B0F79D08BC88}.Release|Any CPU.Build.0 = Release|Any CPU
		{6BF1A83E-EAEF-49C0-9697-494C1850F602}.Debug|Any CPU.ActiveCfg = Debug|Any CPU
		{6BF1A83E-EAEF-49C0-9697-494C1850F602}.Debug|Any CPU.Build.0 = Debug|Any CPU
		{6BF1A83E-EAEF-49C0-9697-494C1850F602}.Release|Any CPU.ActiveCfg = Release|Any CPU
		{6BF1A83E-EAEF-49C0-9697-494C1850F602}.Release|Any CPU.Build.0 = Release|Any CPU
	EndGlobalSection
	GlobalSection(SolutionProperties) = preSolution
		HideSolutionNode = FALSE
	EndGlobalSection
EndGlobal
